
Microsoft Visual Studio Solution File, Format Version 12.00
# Visual Studio Version 16
VisualStudioVersion = 16.0.30503.244
MinimumVisualStudioVersion = 10.0.40219.1
Project("{FAE04EC0-301F-11D3-BF4B-00C04F79EFBC}") = "anotepad", "anotepad\anotepad.csproj", "{7B62ED88-FA43-446C-8F3E-950A871C3275}"
EndProject
Global
	GlobalSection(SolutionConfigurationPlatforms) = preSolution
		Debug|Any CPU = Debug|Any CPU
		Release|Any CPU = Release|Any CPU
	EndGlobalSection
	GlobalSection(ProjectConfigurationPlatforms) = postSolution
		{7B62ED88-FA43-446C-8F3E-950A871C3275}.Debug|Any CPU.ActiveCfg = Debug|Any CPU
		{7B62ED88-FA43-446C-8F3E-950A871C3275}.Debug|Any CPU.Build.0 = Debug|Any CPU
		{7B62ED88-FA43-446C-8F3E-950A871C3275}.Release|Any CPU.ActiveCfg = Release|Any CPU
		{7B62ED88-FA43-446C-8F3E-950A871C3275}.Release|Any CPU.Build.0 = Release|Any CPU
	EndGlobalSection
	GlobalSection(SolutionProperties) = preSolution
		HideSolutionNode = FALSE
	EndGlobalSection
	GlobalSection(ExtensibilityGlobals) = postSolution
		SolutionGuid = {4857D940-C211-4C14-BD5B-0418A9951AA2}
	EndGlobalSection
EndGlobal
